
Microsoft Visual Studio Solution File, Format Version 12.00
# Visual Studio Version 17
VisualStudioVersion = 17.6.33829.357
MinimumVisualStudioVersion = 10.0.40219.1
Project("{FAE04EC0-301F-11D3-BF4B-00C04F79EFBC}") = "Snakes", "Snakes\Snakes.csproj", "{58B147F5-F363-479B-A4D8-23F2C5474FC8}"
EndProject
Global
	GlobalSection(SolutionConfigurationPlatforms) = preSolution
		Debug|Any CPU = Debug|Any CPU
		Release|Any CPU = Release|Any CPU
	EndGlobalSection
	GlobalSection(ProjectConfigurationPlatforms) = postSolution
		{58B147F5-F363-479B-A4D8-23F2C5474FC8}.Debug|Any CPU.ActiveCfg = Debug|Any CPU
		{58B147F5-F363-479B-A4D8-23F2C5474FC8}.Debug|Any CPU.Build.0 = Debug|Any CPU
		{58B147F5-F363-479B-A4D8-23F2C5474FC8}.Release|Any CPU.ActiveCfg = Release|Any CPU
		{58B147F5-F363-479B-A4D8-23F2C5474FC8}.Release|Any CPU.Build.0 = Release|Any CPU
	EndGlobalSection
	GlobalSection(SolutionProperties) = preSolution
		HideSolutionNode = FALSE
	EndGlobalSection
	GlobalSection(ExtensibilityGlobals) = postSolution
		SolutionGuid = {B48149A5-E4FE-4224-B12D-37F7086FED18}
	EndGlobalSection
EndGlobal
